# This file is autogenerated, do not edit; changes may be undone by the next 'dep ensure'.


[[projects]]
  name = "github.com/pkg/errors"
  packages = ["."]
  revision = "645ef00459ed84a119197bfb8d8205042c6df63d"
  version = "v0.8.0"

[[projects]]
  branch = "master"
  name = "github.com/xtgo/set"
  packages = ["."]
  revision = "4431f6b51265b1e0b76af4dafc09d6f12c2bdcd0"

[[projects]]
  branch = "master"
  name = "gorgonia.org/randomkit"
  packages = ["."]
  revision = "bff1a8c727b976b27e259dfc8548a0087e7109d9"

[solve-meta]
  analyzer-name = "dep"
  analyzer-version = 1
  inputs-digest = "e870f347ccc3d096f44b90c07c6ce5b6051573e181661f473f5cd0d3366e15c1"
  solver-name = "gps-cdcl"
  solver-version = 1
